
Microsoft Visual Studio Solution File, Format Version 12.00
# Visual Studio 15
VisualStudioVersion = 15.0.26124.0
MinimumVisualStudioVersion = 15.0.26124.0
Project("{2150E333-8FDC-42A3-9474-1A3956D46DE8}") = "src", "src", "{E8E3FA02-9A44-48BE-833A-0F43B30A29D0}"
EndProject
Project("{FAE04EC0-301F-11D3-BF4B-00C04F79EFBC}") = "Descartes.Demo", "src\Descartes.Demo\Descartes.Demo.csproj", "{8678B3C7-74A1-46D9-B873-0A3C9CEA902A}"
EndProject
Project("{FAE04EC0-301F-11D3-BF4B-00C04F79EFBC}") = "Descartes.Demo.Tests", "src\Descartes.Demo.Tests\Descartes.Demo.Tests.csproj", "{FE725A37-5A5F-4331-A5AE-1E86EB022EC6}"
EndProject
Global
	GlobalSection(SolutionConfigurationPlatforms) = preSolution
		Debug|Any CPU = Debug|Any CPU
		Debug|x64 = Debug|x64
		Debug|x86 = Debug|x86
		Release|Any CPU = Release|Any CPU
		Release|x64 = Release|x64
		Release|x86 = Release|x86
	EndGlobalSection
	GlobalSection(SolutionProperties) = preSolution
		HideSolutionNode = FALSE
	EndGlobalSection
	GlobalSection(ProjectConfigurationPlatforms) = postSolution
		{8678B3C7-74A1-46D9-B873-0A3C9CEA902A}.Debug|Any CPU.ActiveCfg = Debug|Any CPU
		{8678B3C7-74A1-46D9-B873-0A3C9CEA902A}.Debug|Any CPU.Build.0 = Debug|Any CPU
		{8678B3C7-74A1-46D9-B873-0A3C9CEA902A}.Debug|x64.ActiveCfg = Debug|Any CPU
		{8678B3C7-74A1-46D9-B873-0A3C9CEA902A}.Debug|x64.Build.0 = Debug|Any CPU
		{8678B3C7-74A1-46D9-B873-0A3C9CEA902A}.Debug|x86.ActiveCfg = Debug|Any CPU
		{8678B3C7-74A1-46D9-B873-0A3C9CEA902A}.Debug|x86.Build.0 = Debug|Any CPU
		{8678B3C7-74A1-46D9-B873-0A3C9CEA902A}.Release|Any CPU.ActiveCfg = Release|Any CPU
		{8678B3C7-74A1-46D9-B873-0A3C9CEA902A}.Release|Any CPU.Build.0 = Release|Any CPU
		{8678B3C7-74A1-46D9-B873-0A3C9CEA902A}.Release|x64.ActiveCfg = Release|Any CPU
		{8678B3C7-74A1-46D9-B873-0A3C9CEA902A}.Release|x64.Build.0 = Release|Any CPU
		{8678B3C7-74A1-46D9-B873-0A3C9CEA902A}.Release|x86.ActiveCfg = Release|Any CPU
		{8678B3C7-74A1-46D9-B873-0A3C9CEA902A}.Release|x86.Build.0 = Release|Any CPU
		{FE725A37-5A5F-4331-A5AE-1E86EB022EC6}.Debug|Any CPU.ActiveCfg = Debug|Any CPU
		{FE725A37-5A5F-4331-A5AE-1E86EB022EC6}.Debug|Any CPU.Build.0 = Debug|Any CPU
		{FE725A37-5A5F-4331-A5AE-1E86EB022EC6}.Debug|x64.ActiveCfg = Debug|Any CPU
		{FE725A37-5A5F-4331-A5AE-1E86EB022EC6}.Debug|x64.Build.0 = Debug|Any CPU
		{FE725A37-5A5F-4331-A5AE-1E86EB022EC6}.Debug|x86.ActiveCfg = Debug|Any CPU
		{FE725A37-5A5F-4331-A5AE-1E86EB022EC6}.Debug|x86.Build.0 = Debug|Any CPU
		{FE725A37-5A5F-4331-A5AE-1E86EB022EC6}.Release|Any CPU.ActiveCfg = Release|Any CPU
		{FE725A37-5A5F-4331-A5AE-1E86EB022EC6}.Release|Any CPU.Build.0 = Release|Any CPU
		{FE725A37-5A5F-4331-A5AE-1E86EB022EC6}.Release|x64.ActiveCfg = Release|Any CPU
		{FE725A37-5A5F-4331-A5AE-1E86EB022EC6}.Release|x64.Build.0 = Release|Any CPU
		{FE725A37-5A5F-4331-A5AE-1E86EB022EC6}.Release|x86.ActiveCfg = Release|Any CPU
		{FE725A37-5A5F-4331-A5AE-1E86EB022EC6}.Release|x86.Build.0 = Release|Any CPU
	EndGlobalSection
	GlobalSection(NestedProjects) = preSolution
		{8678B3C7-74A1-46D9-B873-0A3C9CEA902A} = {E8E3FA02-9A44-48BE-833A-0F43B30A29D0}
		{FE725A37-5A5F-4331-A5AE-1E86EB022EC6} = {E8E3FA02-9A44-48BE-833A-0F43B30A29D0}
	EndGlobalSection
EndGlobal
